
Microsoft Visual Studio Solution File, Format Version 12.00
Project("{FAE04EC0-301F-11D3-BF4B-00C04F79EFBC}") = "API", "API\API.csproj", "{C7FA7466-3EEE-4ECF-A2E9-36764197F63B}"
EndProject
Project("{FAE04EC0-301F-11D3-BF4B-00C04F79EFBC}") = "BLL", "BLL\BLL.csproj", "{9403B739-0695-44FC-A582-D73B262E4F85}"
EndProject
Project("{FAE04EC0-301F-11D3-BF4B-00C04F79EFBC}") = "DLL", "DLL\DLL.csproj", "{9473CA2E-3B43-47E4-9D3A-94766CA3C015}"
EndProject
Project("{FAE04EC0-301F-11D3-BF4B-00C04F79EFBC}") = "Utility", "Utility\Utility.csproj", "{215DD6EF-B338-47A3-9160-CE917379FAED}"
EndProject
Global
	GlobalSection(SolutionConfigurationPlatforms) = preSolution
		Debug|Any CPU = Debug|Any CPU
		Release|Any CPU = Release|Any CPU
	EndGlobalSection
	GlobalSection(ProjectConfigurationPlatforms) = postSolution
		{C7FA7466-3EEE-4ECF-A2E9-36764197F63B}.Debug|Any CPU.ActiveCfg = Debug|Any CPU
		{C7FA7466-3EEE-4ECF-A2E9-36764197F63B}.Debug|Any CPU.Build.0 = Debug|Any CPU
		{C7FA7466-3EEE-4ECF-A2E9-36764197F63B}.Release|Any CPU.ActiveCfg = Release|Any CPU
		{C7FA7466-3EEE-4ECF-A2E9-36764197F63B}.Release|Any CPU.Build.0 = Release|Any CPU
		{9403B739-0695-44FC-A582-D73B262E4F85}.Debug|Any CPU.ActiveCfg = Debug|Any CPU
		{9403B739-0695-44FC-A582-D73B262E4F85}.Debug|Any CPU.Build.0 = Debug|Any CPU
		{9403B739-0695-44FC-A582-D73B262E4F85}.Release|Any CPU.ActiveCfg = Release|Any CPU
		{9403B739-0695-44FC-A582-D73B262E4F85}.Release|Any CPU.Build.0 = Release|Any CPU
		{9473CA2E-3B43-47E4-9D3A-94766CA3C015}.Debug|Any CPU.ActiveCfg = Debug|Any CPU
		{9473CA2E-3B43-47E4-9D3A-94766CA3C015}.Debug|Any CPU.Build.0 = Debug|Any CPU
		{9473CA2E-3B43-47E4-9D3A-94766CA3C015}.Release|Any CPU.ActiveCfg = Release|Any CPU
		{9473CA2E-3B43-47E4-9D3A-94766CA3C015}.Release|Any CPU.Build.0 = Release|Any CPU
		{215DD6EF-B338-47A3-9160-CE917379FAED}.Debug|Any CPU.ActiveCfg = Debug|Any CPU
		{215DD6EF-B338-47A3-9160-CE917379FAED}.Debug|Any CPU.Build.0 = Debug|Any CPU
		{215DD6EF-B338-47A3-9160-CE917379FAED}.Release|Any CPU.ActiveCfg = Release|Any CPU
		{215DD6EF-B338-47A3-9160-CE917379FAED}.Release|Any CPU.Build.0 = Release|Any CPU
	EndGlobalSection
EndGlobal
